
Microsoft Visual Studio Solution File, Format Version 12.00
# Visual Studio Version 17
VisualStudioVersion = 17.7.34031.279
MinimumVisualStudioVersion = 10.0.40219.1
Project("{9A19103F-16F7-4668-BE54-9A1E7A4F7556}") = "TicTacToe", "TicTacToe\TicTacToe.csproj", "{E2C3034D-C37A-4E27-BF96-1C6EE3C04A69}"
EndProject
Project("{FAE04EC0-301F-11D3-BF4B-00C04F79EFBC}") = "TicTacToe.Tests", "TicTacToe.Tests\TicTacToe.Tests.csproj", "{F6C32AC1-080D-4B96-8879-5D25CBBDEEC9}"
EndProject
Global
	GlobalSection(SolutionConfigurationPlatforms) = preSolution
		Debug|Any CPU = Debug|Any CPU
		Release|Any CPU = Release|Any CPU
	EndGlobalSection
	GlobalSection(ProjectConfigurationPlatforms) = postSolution
		{E2C3034D-C37A-4E27-BF96-1C6EE3C04A69}.Debug|Any CPU.ActiveCfg = Debug|Any CPU
		{E2C3034D-C37A-4E27-BF96-1C6EE3C04A69}.Debug|Any CPU.Build.0 = Debug|Any CPU
		{E2C3034D-C37A-4E27-BF96-1C6EE3C04A69}.Release|Any CPU.ActiveCfg = Release|Any CPU
		{E2C3034D-C37A-4E27-BF96-1C6EE3C04A69}.Release|Any CPU.Build.0 = Release|Any CPU
		{F6C32AC1-080D-4B96-8879-5D25CBBDEEC9}.Debug|Any CPU.ActiveCfg = Debug|Any CPU
		{F6C32AC1-080D-4B96-8879-5D25CBBDEEC9}.Debug|Any CPU.Build.0 = Debug|Any CPU
		{F6C32AC1-080D-4B96-8879-5D25CBBDEEC9}.Release|Any CPU.ActiveCfg = Release|Any CPU
		{F6C32AC1-080D-4B96-8879-5D25CBBDEEC9}.Release|Any CPU.Build.0 = Release|Any CPU
	EndGlobalSection
	GlobalSection(SolutionProperties) = preSolution
		HideSolutionNode = FALSE
	EndGlobalSection
	GlobalSection(ExtensibilityGlobals) = postSolution
		SolutionGuid = {C7D219FF-1B6B-4D19-A45B-06E17E49AD15}
	EndGlobalSection
EndGlobal
